# This file is automatically @generated by Cargo.
# It is not intended for manual editing.
version = 4

[[package]]
name = "wibble-client-core"
version = "0.1.0"
dependencies = [
 "wibble-core-domain",
 "wibble-openmls-engine",
]

[[package]]
name = "wibble-core-domain"
version = "0.1.0"

[[package]]
name = "wibble-openmls-engine"
version = "0.1.0"
dependencies = [
 "wibble-core-domain",
]
